
Microsoft Visual Studio Solution File, Format Version 12.00
# Visual Studio Version 17
VisualStudioVersion = 17.11.35312.102
MinimumVisualStudioVersion = 10.0.40219.1
Project("{9A19103F-16F7-4668-BE54-9A1E7A4F7556}") = "App.Repositories", "Repositories\App.Repositories.csproj", "{57FEE6CE-55AD-4756-8942-56CA7FFCF181}"
EndProject
Project("{9A19103F-16F7-4668-BE54-9A1E7A4F7556}") = "App.Services", "Services\App.Services.csproj", "{4CA473CA-1EFE-4F65-984F-16631A147578}"
EndProject
Project("{9A19103F-16F7-4668-BE54-9A1E7A4F7556}") = "App.API", "App.API\App.API.csproj", "{6D45C40F-9771-43FF-80EC-02BD2E74EDFB}"
EndProject
Project("{2150E333-8FDC-42A3-9474-1A3956D46DE8}") = "NLayer", "NLayer", "{D8B80A66-30D0-4C34-A524-F673C64AA72E}"
EndProject
Project("{2150E333-8FDC-42A3-9474-1A3956D46DE8}") = "CleanArchitecture", "CleanArchitecture", "{BAC9448E-8515-412D-A4BA-39238F932767}"
EndProject
Project("{2150E333-8FDC-42A3-9474-1A3956D46DE8}") = "src", "src", "{CA544FF5-CA5B-4363-9164-73ECE2999DF4}"
EndProject
Project("{2150E333-8FDC-42A3-9474-1A3956D46DE8}") = "test", "test", "{11FEEB19-BA69-44AD-9391-C4A13D507E2B}"
EndProject
Project("{2150E333-8FDC-42A3-9474-1A3956D46DE8}") = "Core", "Core", "{7968D86E-E752-4B1D-BA1B-D24A871D1782}"
EndProject
Project("{9A19103F-16F7-4668-BE54-9A1E7A4F7556}") = "App.Domain", "App.Domain\App.Domain.csproj", "{1D1B79F7-EF94-4C3E-B7C6-5CAE5FBE5A0D}"
EndProject
Project("{9A19103F-16F7-4668-BE54-9A1E7A4F7556}") = "App.Application", "App.Application\App.Application.csproj", "{941F8E8F-8ECC-4628-84F9-C1FA1B0F2D24}"
EndProject
Project("{2150E333-8FDC-42A3-9474-1A3956D46DE8}") = "Infrastructure", "Infrastructure", "{21A0FAB1-A28D-463C-BE0C-1D8C116E1D9E}"
EndProject
Project("{9A19103F-16F7-4668-BE54-9A1E7A4F7556}") = "App.Persistence", "App.Persistence\App.Persistence.csproj", "{A405A908-9773-46A9-8BBF-C71202ED59E5}"
EndProject
Project("{2150E333-8FDC-42A3-9474-1A3956D46DE8}") = "API", "API", "{9C25A3BF-138E-4CC3-943E-C9C040DD7099}"
EndProject
Project("{9A19103F-16F7-4668-BE54-9A1E7A4F7556}") = "CleanApp.API", "CleanApp.API\CleanApp.API.csproj", "{9625BB63-A09A-4379-ADE0-45E8FC03A665}"
EndProject
Project("{9A19103F-16F7-4668-BE54-9A1E7A4F7556}") = "App.Caching", "App.Caching\App.Caching.csproj", "{CA7EB5FB-7BF7-4D55-B53D-4043B1309096}"
EndProject
Project("{FAE04EC0-301F-11D3-BF4B-00C04F79EFBC}") = "App.Bus", "App.Bus\App.Bus.csproj", "{67C1FE53-4506-4A27-8AEC-8695F2E91768}"
EndProject
Global
	GlobalSection(SolutionConfigurationPlatforms) = preSolution
		Debug|Any CPU = Debug|Any CPU
		Release|Any CPU = Release|Any CPU
	EndGlobalSection
	GlobalSection(ProjectConfigurationPlatforms) = postSolution
		{57FEE6CE-55AD-4756-8942-56CA7FFCF181}.Debug|Any CPU.ActiveCfg = Debug|Any CPU
		{57FEE6CE-55AD-4756-8942-56CA7FFCF181}.Debug|Any CPU.Build.0 = Debug|Any CPU
		{57FEE6CE-55AD-4756-8942-56CA7FFCF181}.Release|Any CPU.ActiveCfg = Release|Any CPU
		{57FEE6CE-55AD-4756-8942-56CA7FFCF181}.Release|Any CPU.Build.0 = Release|Any CPU
		{4CA473CA-1EFE-4F65-984F-16631A147578}.Debug|Any CPU.ActiveCfg = Debug|Any CPU
		{4CA473CA-1EFE-4F65-984F-16631A147578}.Debug|Any CPU.Build.0 = Debug|Any CPU
		{4CA473CA-1EFE-4F65-984F-16631A147578}.Release|Any CPU.ActiveCfg = Release|Any CPU
		{4CA473CA-1EFE-4F65-984F-16631A147578}.Release|Any CPU.Build.0 = Release|Any CPU
		{6D45C40F-9771-43FF-80EC-02BD2E74EDFB}.Debug|Any CPU.ActiveCfg = Debug|Any CPU
		{6D45C40F-9771-43FF-80EC-02BD2E74EDFB}.Debug|Any CPU.Build.0 = Debug|Any CPU
		{6D45C40F-9771-43FF-80EC-02BD2E74EDFB}.Release|Any CPU.ActiveCfg = Release|Any CPU
		{6D45C40F-9771-43FF-80EC-02BD2E74EDFB}.Release|Any CPU.Build.0 = Release|Any CPU
		{1D1B79F7-EF94-4C3E-B7C6-5CAE5FBE5A0D}.Debug|Any CPU.ActiveCfg = Debug|Any CPU
		{1D1B79F7-EF94-4C3E-B7C6-5CAE5FBE5A0D}.Debug|Any CPU.Build.0 = Debug|Any CPU
		{1D1B79F7-EF94-4C3E-B7C6-5CAE5FBE5A0D}.Release|Any CPU.ActiveCfg = Release|Any CPU
		{1D1B79F7-EF94-4C3E-B7C6-5CAE5FBE5A0D}.Release|Any CPU.Build.0 = Release|Any CPU
		{941F8E8F-8ECC-4628-84F9-C1FA1B0F2D24}.Debug|Any CPU.ActiveCfg = Debug|Any CPU
		{941F8E8F-8ECC-4628-84F9-C1FA1B0F2D24}.Debug|Any CPU.Build.0 = Debug|Any CPU
		{941F8E8F-8ECC-4628-84F9-C1FA1B0F2D24}.Release|Any CPU.ActiveCfg = Release|Any CPU
		{941F8E8F-8ECC-4628-84F9-C1FA1B0F2D24}.Release|Any CPU.Build.0 = Release|Any CPU
		{A405A908-9773-46A9-8BBF-C71202ED59E5}.Debug|Any CPU.ActiveCfg = Debug|Any CPU
		{A405A908-9773-46A9-8BBF-C71202ED59E5}.Debug|Any CPU.Build.0 = Debug|Any CPU
		{A405A908-9773-46A9-8BBF-C71202ED59E5}.Release|Any CPU.ActiveCfg = Release|Any CPU
		{A405A908-9773-46A9-8BBF-C71202ED59E5}.Release|Any CPU.Build.0 = Release|Any CPU
		{9625BB63-A09A-4379-ADE0-45E8FC03A665}.Debug|Any CPU.ActiveCfg = Debug|Any CPU
		{9625BB63-A09A-4379-ADE0-45E8FC03A665}.Debug|Any CPU.Build.0 = Debug|Any CPU
		{9625BB63-A09A-4379-ADE0-45E8FC03A665}.Release|Any CPU.ActiveCfg = Release|Any CPU
		{9625BB63-A09A-4379-ADE0-45E8FC03A665}.Release|Any CPU.Build.0 = Release|Any CPU
		{CA7EB5FB-7BF7-4D55-B53D-4043B1309096}.Debug|Any CPU.ActiveCfg = Debug|Any CPU
		{CA7EB5FB-7BF7-4D55-B53D-4043B1309096}.Debug|Any CPU.Build.0 = Debug|Any CPU
		{CA7EB5FB-7BF7-4D55-B53D-4043B1309096}.Release|Any CPU.ActiveCfg = Release|Any CPU
		{CA7EB5FB-7BF7-4D55-B53D-4043B1309096}.Release|Any CPU.Build.0 = Release|Any CPU
		{67C1FE53-4506-4A27-8AEC-8695F2E91768}.Debug|Any CPU.ActiveCfg = Debug|Any CPU
		{67C1FE53-4506-4A27-8AEC-8695F2E91768}.Debug|Any CPU.Build.0 = Debug|Any CPU
		{67C1FE53-4506-4A27-8AEC-8695F2E91768}.Release|Any CPU.ActiveCfg = Release|Any CPU
		{67C1FE53-4506-4A27-8AEC-8695F2E91768}.Release|Any CPU.Build.0 = Release|Any CPU
	EndGlobalSection
	GlobalSection(SolutionProperties) = preSolution
		HideSolutionNode = FALSE
	EndGlobalSection
	GlobalSection(NestedProjects) = preSolution
		{57FEE6CE-55AD-4756-8942-56CA7FFCF181} = {D8B80A66-30D0-4C34-A524-F673C64AA72E}
		{4CA473CA-1EFE-4F65-984F-16631A147578} = {D8B80A66-30D0-4C34-A524-F673C64AA72E}
		{6D45C40F-9771-43FF-80EC-02BD2E74EDFB} = {D8B80A66-30D0-4C34-A524-F673C64AA72E}
		{CA544FF5-CA5B-4363-9164-73ECE2999DF4} = {BAC9448E-8515-412D-A4BA-39238F932767}
		{11FEEB19-BA69-44AD-9391-C4A13D507E2B} = {BAC9448E-8515-412D-A4BA-39238F932767}
		{7968D86E-E752-4B1D-BA1B-D24A871D1782} = {CA544FF5-CA5B-4363-9164-73ECE2999DF4}
		{1D1B79F7-EF94-4C3E-B7C6-5CAE5FBE5A0D} = {7968D86E-E752-4B1D-BA1B-D24A871D1782}
		{941F8E8F-8ECC-4628-84F9-C1FA1B0F2D24} = {7968D86E-E752-4B1D-BA1B-D24A871D1782}
		{21A0FAB1-A28D-463C-BE0C-1D8C116E1D9E} = {CA544FF5-CA5B-4363-9164-73ECE2999DF4}
		{A405A908-9773-46A9-8BBF-C71202ED59E5} = {21A0FAB1-A28D-463C-BE0C-1D8C116E1D9E}
		{9C25A3BF-138E-4CC3-943E-C9C040DD7099} = {CA544FF5-CA5B-4363-9164-73ECE2999DF4}
		{9625BB63-A09A-4379-ADE0-45E8FC03A665} = {9C25A3BF-138E-4CC3-943E-C9C040DD7099}
		{CA7EB5FB-7BF7-4D55-B53D-4043B1309096} = {21A0FAB1-A28D-463C-BE0C-1D8C116E1D9E}
		{67C1FE53-4506-4A27-8AEC-8695F2E91768} = {21A0FAB1-A28D-463C-BE0C-1D8C116E1D9E}
	EndGlobalSection
	GlobalSection(ExtensibilityGlobals) = postSolution
		SolutionGuid = {122F0B84-FA42-4748-9C8A-869270EEB52E}
	EndGlobalSection
EndGlobal
